
Microsoft Visual Studio Solution File, Format Version 12.00
# Visual Studio Version 17
VisualStudioVersion = 17.3.32825.248
MinimumVisualStudioVersion = 10.0.40219.1
Project("{FAE04EC0-301F-11D3-BF4B-00C04F79EFBC}") = "Core_AJAX", "Core_AJAX\Core_AJAX.csproj", "{83741B40-DE2E-455C-9103-D190CBE81D83}"
EndProject
Global
	GlobalSection(SolutionConfigurationPlatforms) = preSolution
		Debug|Any CPU = Debug|Any CPU
		Release|Any CPU = Release|Any CPU
	EndGlobalSection
	GlobalSection(ProjectConfigurationPlatforms) = postSolution
		{83741B40-DE2E-455C-9103-D190CBE81D83}.Debug|Any CPU.ActiveCfg = Debug|Any CPU
		{83741B40-DE2E-455C-9103-D190CBE81D83}.Debug|Any CPU.Build.0 = Debug|Any CPU
		{83741B40-DE2E-455C-9103-D190CBE81D83}.Release|Any CPU.ActiveCfg = Release|Any CPU
		{83741B40-DE2E-455C-9103-D190CBE81D83}.Release|Any CPU.Build.0 = Release|Any CPU
	EndGlobalSection
	GlobalSection(SolutionProperties) = preSolution
		HideSolutionNode = FALSE
	EndGlobalSection
	GlobalSection(ExtensibilityGlobals) = postSolution
		SolutionGuid = {6F836597-9736-4576-A4CE-0995F6F12FB5}
	EndGlobalSection
EndGlobal
